
Microsoft Visual Studio Solution File, Format Version 12.00
# Visual Studio Version 17
VisualStudioVersion = 17.1.32421.90
MinimumVisualStudioVersion = 10.0.40219.1
Project("{FAE04EC0-301F-11D3-BF4B-00C04F79EFBC}") = "EmployeeWageComputation", "EmployeeWageComputation.csproj", "{1512C996-264B-4D9D-A9F6-4E9E3B8F3013}"
EndProject
Global
	GlobalSection(SolutionConfigurationPlatforms) = preSolution
		Debug|Any CPU = Debug|Any CPU
		Release|Any CPU = Release|Any CPU
	EndGlobalSection
	GlobalSection(ProjectConfigurationPlatforms) = postSolution
		{1512C996-264B-4D9D-A9F6-4E9E3B8F3013}.Debug|Any CPU.ActiveCfg = Debug|Any CPU
		{1512C996-264B-4D9D-A9F6-4E9E3B8F3013}.Debug|Any CPU.Build.0 = Debug|Any CPU
		{1512C996-264B-4D9D-A9F6-4E9E3B8F3013}.Release|Any CPU.ActiveCfg = Release|Any CPU
		{1512C996-264B-4D9D-A9F6-4E9E3B8F3013}.Release|Any CPU.Build.0 = Release|Any CPU
	EndGlobalSection
	GlobalSection(SolutionProperties) = preSolution
		HideSolutionNode = FALSE
	EndGlobalSection
	GlobalSection(ExtensibilityGlobals) = postSolution
		SolutionGuid = {3F974A0E-15BE-499B-9181-5DBF4457BC22}
	EndGlobalSection
EndGlobal
